
Microsoft Visual Studio Solution File, Format Version 12.00
# Visual Studio Version 17
VisualStudioVersion = 17.14.36930.0
MinimumVisualStudioVersion = 10.0.40219.1
Project("{FAE04EC0-301F-11D3-BF4B-00C04F79EFBC}") = "Whatsapp API", "WHATSAPP_API\whatsapp api\Whatsapp API.csproj", "{68155D61-7E33-58FC-A60F-4C70A4DB153A}"
EndProject
Project("{FAE04EC0-301F-11D3-BF4B-00C04F79EFBC}") = "WhatsappClient", "WHATSAPP_CLIENT\WhatsappClient\WhatsappClient.csproj", "{98E9A441-C2E2-66B8-621E-65A690F1DE84}"
EndProject
Global
	GlobalSection(SolutionConfigurationPlatforms) = preSolution
		Debug|Any CPU = Debug|Any CPU
		Release|Any CPU = Release|Any CPU
	EndGlobalSection
	GlobalSection(ProjectConfigurationPlatforms) = postSolution
		{68155D61-7E33-58FC-A60F-4C70A4DB153A}.Debug|Any CPU.ActiveCfg = Debug|Any CPU
		{68155D61-7E33-58FC-A60F-4C70A4DB153A}.Debug|Any CPU.Build.0 = Debug|Any CPU
		{68155D61-7E33-58FC-A60F-4C70A4DB153A}.Release|Any CPU.ActiveCfg = Release|Any CPU
		{68155D61-7E33-58FC-A60F-4C70A4DB153A}.Release|Any CPU.Build.0 = Release|Any CPU
		{98E9A441-C2E2-66B8-621E-65A690F1DE84}.Debug|Any CPU.ActiveCfg = Debug|Any CPU
		{98E9A441-C2E2-66B8-621E-65A690F1DE84}.Debug|Any CPU.Build.0 = Debug|Any CPU
		{98E9A441-C2E2-66B8-621E-65A690F1DE84}.Release|Any CPU.ActiveCfg = Release|Any CPU
		{98E9A441-C2E2-66B8-621E-65A690F1DE84}.Release|Any CPU.Build.0 = Release|Any CPU
	EndGlobalSection
	GlobalSection(SolutionProperties) = preSolution
		HideSolutionNode = FALSE
	EndGlobalSection
	GlobalSection(ExtensibilityGlobals) = postSolution
		SolutionGuid = {69C20EFF-86F9-4C4D-9BEE-A053DEFDD7AE}
	EndGlobalSection
EndGlobal
